// !$*UTF8*$!
{
	archiveVersion = 1;
	classes = {
	};
	objectVersion = 50;
	objects = {

/* Begin PBXBuildFile section */
		9832D9CC260B3A12003B1032 /* AppDelegate.m in Sources */ = {isa = PBXBuildFile; fileRef = 9832D9CB260B3A12003B1032 /* AppDelegate.m */; };
		9832D9CF260B3A12003B1032 /* SceneDelegate.m in Sources */ = {isa = PBXBuildFile; fileRef = 9832D9CE260B3A12003B1032 /* SceneDelegate.m */; };
		9832D9D2260B3A12003B1032 /* ViewController.m in Sources */ = {isa = PBXBuildFile; fileRef = 9832D9D1260B3A12003B1032 /* ViewController.m */; };
		9832D9D5260B3A12003B1032 /* Main.storyboard in Resources */ = {isa = PBXBuildFile; fileRef = 9832D9D3260B3A12003B1032 /* Main.storyboard */; };
		9832D9D7260B3A16003B1032 /* Assets.xcassets in Resources */ = {isa = PBXBuildFile; fileRef = 9832D9D6260B3A16003B1032 /* Assets.xcassets */; };
		9832D9DA260B3A16003B1032 /* LaunchScreen.storyboard in Resources */ = {isa = PBXBuildFile; fileRef = 9832D9D8260B3A16003B1032 /* LaunchScreen.storyboard */; };
		9832D9DD260B3A17003B1032 /* main.m in Sources */ = {isa = PBXBuildFile; fileRef = 9832D9DC260B3A17003B1032 /* main.m */; };
		9832D9E7260B3A17003B1032 /* runTests.m in Sources */ = {isa = PBXBuildFile; fileRef = 9832D9E6260B3A17003B1032 /* runTests.m */; };
		9832D9F2260B3A17003B1032 /* runUITests.m in Sources */ = {isa = PBXBuildFile; fileRef = 9832D9F1260B3A17003B1032 /* runUITests.m */; };
		9832DA13260C3FA3003B1032 /* UILabel+defaultText.m in Sources */ = {isa = PBXBuildFile; fileRef = 9832DA12260C3FA3003B1032 /* UILabel+defaultText.m */; };
		9832DA2F26144637003B1032 /* UIControl+Extension.m in Sources */ = {isa = PBXBuildFile; fileRef = 9832DA2E26144636003B1032 /* UIControl+Extension.m */; };
/* End PBXBuildFile section */

/* Begin PBXContainerItemProxy section */
		9832D9E3260B3A17003B1032 /* PBXContainerItemProxy */ = {
			isa = PBXContainerItemProxy;
			containerPortal = 9832D9BF260B3A11003B1032 /* Project object */;
			proxyType = 1;
			remoteGlobalIDString = 9832D9C6260B3A12003B1032;
			remoteInfo = run;
		};
		9832D9EE260B3A17003B1032 /* PBXContainerItemProxy */ = {
			isa = PBXContainerItemProxy;
			containerPortal = 9832D9BF260B3A11003B1032 /* Project object */;
			proxyType = 1;
			remoteGlobalIDString = 9832D9C6260B3A12003B1032;
			remoteInfo = run;
		};
/* End PBXContainerItemProxy section */

/* Begin PBXFileReference section */
		9832D9C7260B3A12003B1032 /* run.app */ = {isa = PBXFileReference; explicitFileType = wrapper.application; includeInIndex = 0; path = run.app; sourceTree = BUILT_PRODUCTS_DIR; };
		9832D9CA260B3A12003B1032 /* AppDelegate.h */ = {isa = PBXFileReference; lastKnownFileType = sourcecode.c.h; path = AppDelegate.h; sourceTree = "<group>"; };
		9832D9CB260B3A12003B1032 /* AppDelegate.m */ = {isa = PBXFileReference; lastKnownFileType = sourcecode.c.objc; path = AppDelegate.m; sourceTree = "<group>"; };
		9832D9CD260B3A12003B1032 /* SceneDelegate.h */ = {isa = PBXFileReference; lastKnownFileType = sourcecode.c.h; path = SceneDelegate.h; sourceTree = "<group>"; };
		9832D9CE260B3A12003B1032 /* SceneDelegate.m */ = {isa = PBXFileReference; lastKnownFileType = sourcecode.c.objc; path = SceneDelegate.m; sourceTree = "<group>"; };
		9832D9D0260B3A12003B1032 /* ViewController.h */ = {isa = PBXFileReference; lastKnownFileType = sourcecode.c.h; path = ViewController.h; sourceTree = "<group>"; };
		9832D9D1260B3A12003B1032 /* ViewController.m */ = {isa = PBXFileReference; lastKnownFileType = sourcecode.c.objc; path = ViewController.m; sourceTree = "<group>"; };
		9832D9D4260B3A12003B1032 /* Base */ = {isa = PBXFileReference; lastKnownFileType = file.storyboard; name = Base; path = Base.lproj/Main.storyboard; sourceTree = "<group>"; };
		9832D9D6260B3A16003B1032 /* Assets.xcassets */ = {isa = PBXFileReference; lastKnownFileType = folder.assetcatalog; path = Assets.xcassets; sourceTree = "<group>"; };
		9832D9D9260B3A16003B1032 /* Base */ = {isa = PBXFileReference; lastKnownFileType = file.storyboard; name = Base; path = Base.lproj/LaunchScreen.storyboard; sourceTree = "<group>"; };
		9832D9DB260B3A17003B1032 /* Info.plist */ = {isa = PBXFileReference; lastKnownFileType = text.plist.xml; path = Info.plist; sourceTree = "<group>"; };
		9832D9DC260B3A17003B1032 /* main.m */ = {isa = PBXFileReference; lastKnownFileType = sourcecode.c.objc; path = main.m; sourceTree = "<group>"; };
		9832D9E2260B3A17003B1032 /* runTests.xctest */ = {isa = PBXFileReference; explicitFileType = wrapper.cfbundle; includeInIndex = 0; path = runTests.xctest; sourceTree = BUILT_PRODUCTS_DIR; };
		9832D9E6260B3A17003B1032 /* runTests.m */ = {isa = PBXFileReference; lastKnownFileType = sourcecode.c.objc; path = runTests.m; sourceTree = "<group>"; };
		9832D9E8260B3A17003B1032 /* Info.plist */ = {isa = PBXFileReference; lastKnownFileType = text.plist.xml; path = Info.plist; sourceTree = "<group>"; };
		9832D9ED260B3A17003B1032 /* runUITests.xctest */ = {isa = PBXFileReference; explicitFileType = wrapper.cfbundle; includeInIndex = 0; path = runUITests.xctest; sourceTree = BUILT_PRODUCTS_DIR; };
		9832D9F1260B3A17003B1032 /* runUITests.m */ = {isa = PBXFileReference; lastKnownFileType = sourcecode.c.objc; path = runUITests.m; sourceTree = "<group>"; };
		9832D9F3260B3A17003B1032 /* Info.plist */ = {isa = PBXFileReference; lastKnownFileType = text.plist.xml; path = Info.plist; sourceTree = "<group>"; };
		9832DA11260C3FA3003B1032 /* UILabel+defaultText.h */ = {isa = PBXFileReference; lastKnownFileType = sourcecode.c.h; path = "UILabel+defaultText.h"; sourceTree = "<group>"; };
		9832DA12260C3FA3003B1032 /* UILabel+defaultText.m */ = {isa = PBXFileReference; lastKnownFileType = sourcecode.c.objc; path = "UILabel+defaultText.m"; sourceTree = "<group>"; };
		9832DA2D26144636003B1032 /* UIControl+Extension.h */ = {isa = PBXFileReference; lastKnownFileType = sourcecode.c.h; path = "UIControl+Extension.h"; sourceTree = "<group>"; };
		9832DA2E26144636003B1032 /* UIControl+Extension.m */ = {isa = PBXFileReference; lastKnownFileType = sourcecode.c.objc; path = "UIControl+Extension.m"; sourceTree = "<group>"; };
/* End PBXFileReference section */

/* Begin PBXFrameworksBuildPhase section */
		9832D9C4260B3A12003B1032 /* Frameworks */ = {
			isa = PBXFrameworksBuildPhase;
			buildActionMask = 2147483647;
			files = (
			);
			runOnlyForDeploymentPostprocessing = 0;
		};
		9832D9DF260B3A17003B1032 /* Frameworks */ = {
			isa = PBXFrameworksBuildPhase;
			buildActionMask = 2147483647;
			files = (
			);
			runOnlyForDeploymentPostprocessing = 0;
		};
		9832D9EA260B3A17003B1032 /* Frameworks */ = {
			isa = PBXFrameworksBuildPhase;
			buildActionMask = 2147483647;
			files = (
			);
			runOnlyForDeploymentPostprocessing = 0;
		};
/* End PBXFrameworksBuildPhase section */

/* Begin PBXGroup section */
		9832D9BE260B3A11003B1032 = {
			isa = PBXGroup;
			children = (
				9832D9C9260B3A12003B1032 /* run */,
				9832D9E5260B3A17003B1032 /* runTests */,
				9832D9F0260B3A17003B1032 /* runUITests */,
				9832D9C8260B3A12003B1032 /* Products */,
			);
			sourceTree = "<group>";
		};
		9832D9C8260B3A12003B1032 /* Products */ = {
			isa = PBXGroup;
			children = (
				9832D9C7260B3A12003B1032 /* run.app */,
				9832D9E2260B3A17003B1032 /* runTests.xctest */,
				9832D9ED260B3A17003B1032 /* runUITests.xctest */,
			);
			name = Products;
			sourceTree = "<group>";
		};
		9832D9C9260B3A12003B1032 /* run */ = {
			isa = PBXGroup;
			children = (
				9832D9CA260B3A12003B1032 /* AppDelegate.h */,
				9832D9CB260B3A12003B1032 /* AppDelegate.m */,
				9832D9CD260B3A12003B1032 /* SceneDelegate.h */,
				9832D9CE260B3A12003B1032 /* SceneDelegate.m */,
				9832D9D0260B3A12003B1032 /* ViewController.h */,
				9832D9D1260B3A12003B1032 /* ViewController.m */,
				9832DA2D26144636003B1032 /* UIControl+Extension.h */,
				9832DA2E26144636003B1032 /* UIControl+Extension.m */,
				9832DA11260C3FA3003B1032 /* UILabel+defaultText.h */,
				9832DA12260C3FA3003B1032 /* UILabel+defaultText.m */,
				9832D9D3260B3A12003B1032 /* Main.storyboard */,
				9832D9D6260B3A16003B1032 /* Assets.xcassets */,
				9832D9D8260B3A16003B1032 /* LaunchScreen.storyboard */,
				9832D9DB260B3A17003B1032 /* Info.plist */,
				9832D9DC260B3A17003B1032 /* main.m */,
			);
			path = run;
			sourceTree = "<group>";
		};
		9832D9E5260B3A17003B1032 /* runTests */ = {
			isa = PBXGroup;
			children = (
				9832D9E6260B3A17003B1032 /* runTests.m */,
				9832D9E8260B3A17003B1032 /* Info.plist */,
			);
			path = runTests;
			sourceTree = "<group>";
		};
		9832D9F0260B3A17003B1032 /* runUITests */ = {
			isa = PBXGroup;
			children = (
				9832D9F1260B3A17003B1032 /* runUITests.m */,
				9832D9F3260B3A17003B1032 /* Info.plist */,
			);
			path = runUITests;
			sourceTree = "<group>";
		};
/* End PBXGroup section */

/* Begin PBXNativeTarget section */
		9832D9C6260B3A12003B1032 /* run */ = {
			isa = PBXNativeTarget;
			buildConfigurationList = 9832D9F6260B3A17003B1032 /* Build configuration list for PBXNativeTarget "run" */;
			buildPhases = (
				9832D9C3260B3A12003B1032 /* Sources */,
				9832D9C4260B3A12003B1032 /* Frameworks */,
				9832D9C5260B3A12003B1032 /* Resources */,
			);
			buildRules = (
			);
			dependencies = (
			);
			name = run;
			productName = run;
			productReference = 9832D9C7260B3A12003B1032 /* run.app */;
			productType = "com.apple.product-type.application";
		};
		9832D9E1260B3A17003B1032 /* runTests */ = {
			isa = PBXNativeTarget;
			buildConfigurationList = 9832D9F9260B3A17003B1032 /* Build configuration list for PBXNativeTarget "runTests" */;
			buildPhases = (
				9832D9DE260B3A17003B1032 /* Sources */,
				9832D9DF260B3A17003B1032 /* Frameworks */,
				9832D9E0260B3A17003B1032 /* Resources */,
			);
			buildRules = (
			);
			dependencies = (
				9832D9E4260B3A17003B1032 /* PBXTargetDependency */,
			);
			name = runTests;
			productName = runTests;
			productReference = 9832D9E2260B3A17003B1032 /* runTests.xctest */;
			productType = "com.apple.product-type.bundle.unit-test";
		};
		9832D9EC260B3A17003B1032 /* runUITests */ = {
			isa = PBXNativeTarget;
			buildConfigurationList = 9832D9FC260B3A17003B1032 /* Build configuration list for PBXNativeTarget "runUITests" */;
			buildPhases = (
				9832D9E9260B3A17003B1032 /* Sources */,
				9832D9EA260B3A17003B1032 /* Frameworks */,
				9832D9EB260B3A17003B1032 /* Resources */,
			);
			buildRules = (
			);
			dependencies = (
				9832D9EF260B3A17003B1032 /* PBXTargetDependency */,
			);
			name = runUITests;
			productName = runUITests;
			productReference = 9832D9ED260B3A17003B1032 /* runUITests.xctest */;
			productType = "com.apple.product-type.bundle.ui-testing";
		};
/* End PBXNativeTarget section */

/* Begin PBXProject section */
		9832D9BF260B3A11003B1032 /* Project object */ = {
			isa = PBXProject;
			attributes = {
				LastUpgradeCheck = 1220;
				TargetAttributes = {
					9832D9C6260B3A12003B1032 = {
						CreatedOnToolsVersion = 12.2;
					};
					9832D9E1260B3A17003B1032 = {
						CreatedOnToolsVersion = 12.2;
						TestTargetID = 9832D9C6260B3A12003B1032;
					};
					9832D9EC260B3A17003B1032 = {
						CreatedOnToolsVersion = 12.2;
						TestTargetID = 9832D9C6260B3A12003B1032;
					};
				};
			};
			buildConfigurationList = 9832D9C2260B3A11003B1032 /* Build configuration list for PBXProject "run" */;
			compatibilityVersion = "Xcode 9.3";
			developmentRegion = en;
			hasScannedForEncodings = 0;
			knownRegions = (
				en,
				Base,
			);
			mainGroup = 9832D9BE260B3A11003B1032;
			productRefGroup = 9832D9C8260B3A12003B1032 /* Products */;
			projectDirPath = "";
			projectRoot = "";
			targets = (
				9832D9C6260B3A12003B1032 /* run */,
				9832D9E1260B3A17003B1032 /* runTests */,
				9832D9EC260B3A17003B1032 /* runUITests */,
			);
		};
/* End PBXProject section */

/* Begin PBXResourcesBuildPhase section */
		9832D9C5260B3A12003B1032 /* Resources */ = {
			isa = PBXResourcesBuildPhase;
			buildActionMask = 2147483647;
			files = (
				9832D9DA260B3A16003B1032 /* LaunchScreen.storyboard in Resources */,
				9832D9D7260B3A16003B1032 /* Assets.xcassets in Resources */,
				9832D9D5260B3A12003B1032 /* Main.storyboard in Resources */,
			);
			runOnlyForDeploymentPostprocessing = 0;
		};
		9832D9E0260B3A17003B1032 /* Resources */ = {
			isa = PBXResourcesBuildPhase;
			buildActionMask = 2147483647;
			files = (
			);
			runOnlyForDeploymentPostprocessing = 0;
		};
		9832D9EB260B3A17003B1032 /* Resources */ = {
			isa = PBXResourcesBuildPhase;
			buildActionMask = 2147483647;
			files = (
			);
			runOnlyForDeploymentPostprocessing = 0;
		};
/* End PBXResourcesBuildPhase section */

/* Begin PBXSourcesBuildPhase section */
		9832D9C3260B3A12003B1032 /* Sources */ = {
			isa = PBXSourcesBuildPhase;
			buildActionMask = 2147483647;
			files = (
				9832D9D2260B3A12003B1032 /* ViewController.m in Sources */,
				9832D9CC260B3A12003B1032 /* AppDelegate.m in Sources */,
				9832D9DD260B3A17003B1032 /* main.m in Sources */,
				9832DA2F26144637003B1032 /* UIControl+Extension.m in Sources */,
				9832D9CF260B3A12003B1032 /* SceneDelegate.m in Sources */,
				9832DA13260C3FA3003B1032 /* UILabel+defaultText.m in Sources */,
			);
			runOnlyForDeploymentPostprocessing = 0;
		};
		9832D9DE260B3A17003B1032 /* Sources */ = {
			isa = PBXSourcesBuildPhase;
			buildActionMask = 2147483647;
			files = (
				9832D9E7260B3A17003B1032 /* runTests.m in Sources */,
			);
			runOnlyForDeploymentPostprocessing = 0;
		};
		9832D9E9260B3A17003B1032 /* Sources */ = {
			isa = PBXSourcesBuildPhase;
			buildActionMask = 2147483647;
			files = (
				9832D9F2260B3A17003B1032 /* runUITests.m in Sources */,
			);
			runOnlyForDeploymentPostprocessing = 0;
		};
/* End PBXSourcesBuildPhase section */

/* Begin PBXTargetDependency section */
		9832D9E4260B3A17003B1032 /* PBXTargetDependency */ = {
			isa = PBXTargetDependency;
			target = 9832D9C6260B3A12003B1032 /* run */;
			targetProxy = 9832D9E3260B3A17003B1032 /* PBXContainerItemProxy */;
		};
		9832D9EF260B3A17003B1032 /* PBXTargetDependency */ = {
			isa = PBXTargetDependency;
			target = 9832D9C6260B3A12003B1032 /* run */;
			targetProxy = 9832D9EE260B3A17003B1032 /* PBXContainerItemProxy */;
		};
/* End PBXTargetDependency section */

/* Begin PBXVariantGroup section */
		9832D9D3260B3A12003B1032 /* Main.storyboard */ = {
			isa = PBXVariantGroup;
			children = (
				9832D9D4260B3A12003B1032 /* Base */,
			);
			name = Main.storyboard;
			sourceTree = "<group>";
		};
		9832D9D8260B3A16003B1032 /* LaunchScreen.storyboard */ = {
			isa = PBXVariantGroup;
			children = (
				9832D9D9260B3A16003B1032 /* Base */,
			);
			name = LaunchScreen.storyboard;
			sourceTree = "<group>";
		};
/* End PBXVariantGroup section */

/* Begin XCBuildConfiguration section */
		9832D9F4260B3A17003B1032 /* Debug */ = {
			isa = XCBuildConfiguration;
			buildSettings = {
				ALWAYS_SEARCH_USER_PATHS = NO;
				CLANG_ANALYZER_NONNULL = YES;
				CLANG_ANALYZER_NUMBER_OBJECT_CONVERSION = YES_AGGRESSIVE;
				CLANG_CXX_LANGUAGE_STANDARD = "gnu++14";
				CLANG_CXX_LIBRARY = "libc++";
				CLANG_ENABLE_MODULES = YES;
				CLANG_ENABLE_OBJC_ARC = YES;
				CLANG_ENABLE_OBJC_WEAK = YES;
				CLANG_WARN_BLOCK_CAPTURE_AUTORELEASING = YES;
				CLANG_WARN_BOOL_CONVERSION = YES;
				CLANG_WARN_COMMA = YES;
				CLANG_WARN_CONSTANT_CONVERSION = YES;
				CLANG_WARN_DEPRECATED_OBJC_IMPLEMENTATIONS = YES;
				CLANG_WARN_DIRECT_OBJC_ISA_USAGE = YES_ERROR;
				CLANG_WARN_DOCUMENTATION_COMMENTS = YES;
				CLANG_WARN_EMPTY_BODY = YES;
				CLANG_WARN_ENUM_CONVERSION = YES;
				CLANG_WARN_INFINITE_RECURSION = YES;
				CLANG_WARN_INT_CONVERSION = YES;
				CLANG_WARN_NON_LITERAL_NULL_CONVERSION = YES;
				CLANG_WARN_OBJC_IMPLICIT_RETAIN_SELF = YES;
				CLANG_WARN_OBJC_LITERAL_CONVERSION = YES;
				CLANG_WARN_OBJC_ROOT_CLASS = YES_ERROR;
				CLANG_WARN_QUOTED_INCLUDE_IN_FRAMEWORK_HEADER = YES;
				CLANG_WARN_RANGE_LOOP_ANALYSIS = YES;
				CLANG_WARN_STRICT_PROTOTYPES = YES;
				CLANG_WARN_SUSPICIOUS_MOVE = YES;
				CLANG_WARN_UNGUARDED_AVAILABILITY = YES_AGGRESSIVE;
				CLANG_WARN_UNREACHABLE_CODE = YES;
				CLANG_WARN__DUPLICATE_METHOD_MATCH = YES;
				COPY_PHASE_STRIP = NO;
				DEBUG_INFORMATION_FORMAT = dwarf;
				ENABLE_STRICT_OBJC_MSGSEND = YES;
				ENABLE_TESTABILITY = YES;
				GCC_C_LANGUAGE_STANDARD = gnu11;
				GCC_DYNAMIC_NO_PIC = NO;
				GCC_NO_COMMON_BLOCKS = YES;
				GCC_OPTIMIZATION_LEVEL = 0;
				GCC_PREPROCESSOR_DEFINITIONS = (
					"DEBUG=1",
					"$(inherited)",
				);
				GCC_WARN_64_TO_32_BIT_CONVERSION = YES;
				GCC_WARN_ABOUT_RETURN_TYPE = YES_ERROR;
				GCC_WARN_UNDECLARED_SELECTOR = YES;
				GCC_WARN_UNINITIALIZED_AUTOS = YES_AGGRESSIVE;
				GCC_WARN_UNUSED_FUNCTION = YES;
				GCC_WARN_UNUSED_VARIABLE = YES;
				IPHONEOS_DEPLOYMENT_TARGET = 13.0;
				MTL_ENABLE_DEBUG_INFO = INCLUDE_SOURCE;
				MTL_FAST_MATH = YES;
				ONLY_ACTIVE_ARCH = YES;
				SDKROOT = iphoneos;
			};
			name = Debug;
		};
		9832D9F5260B3A17003B1032 /* Release */ = {
			isa = XCBuildConfiguration;
			buildSettings = {
				ALWAYS_SEARCH_USER_PATHS = NO;
				CLANG_ANALYZER_NONNULL = YES;
				CLANG_ANALYZER_NUMBER_OBJECT_CONVERSION = YES_AGGRESSIVE;
				CLANG_CXX_LANGUAGE_STANDARD = "gnu++14";
				CLANG_CXX_LIBRARY = "libc++";
				CLANG_ENABLE_MODULES = YES;
				CLANG_ENABLE_OBJC_ARC = YES;
				CLANG_ENABLE_OBJC_WEAK = YES;
				CLANG_WARN_BLOCK_CAPTURE_AUTORELEASING = YES;
				CLANG_WARN_BOOL_CONVERSION = YES;
				CLANG_WARN_COMMA = YES;
				CLANG_WARN_CONSTANT_CONVERSION = YES;
				CLANG_WARN_DEPRECATED_OBJC_IMPLEMENTATIONS = YES;
				CLANG_WARN_DIRECT_OBJC_ISA_USAGE = YES_ERROR;
				CLANG_WARN_DOCUMENTATION_COMMENTS = YES;
				CLANG_WARN_EMPTY_BODY = YES;
				CLANG_WARN_ENUM_CONVERSION = YES;
				CLANG_WARN_INFINITE_RECURSION = YES;
				CLANG_WARN_INT_CONVERSION = YES;
				CLANG_WARN_NON_LITERAL_NULL_CONVERSION = YES;
				CLANG_WARN_OBJC_IMPLICIT_RETAIN_SELF = YES;
				CLANG_WARN_OBJC_LITERAL_CONVERSION = YES;
				CLANG_WARN_OBJC_ROOT_CLASS = YES_ERROR;
				CLANG_WARN_QUOTED_INCLUDE_IN_FRAMEWORK_HEADER = YES;
				CLANG_WARN_RANGE_LOOP_ANALYSIS = YES;
				CLANG_WARN_STRICT_PROTOTYPES = YES;
				CLANG_WARN_SUSPICIOUS_MOVE = YES;
				CLANG_WARN_UNGUARDED_AVAILABILITY = YES_AGGRESSIVE;
				CLANG_WARN_UNREACHABLE_CODE = YES;
				CLANG_WARN__DUPLICATE_METHOD_MATCH = YES;
				COPY_PHASE_STRIP = NO;
				DEBUG_INFORMATION_FORMAT = "dwarf-with-dsym";
				ENABLE_NS_ASSERTIONS = NO;
				ENABLE_STRICT_OBJC_MSGSEND = YES;
				GCC_C_LANGUAGE_STANDARD = gnu11;
				GCC_NO_COMMON_BLOCKS = YES;
				GCC_WARN_64_TO_32_BIT_CONVERSION = YES;
				GCC_WARN_ABOUT_RETURN_TYPE = YES_ERROR;
				GCC_WARN_UNDECLARED_SELECTOR = YES;
				GCC_WARN_UNINITIALIZED_AUTOS = YES_AGGRESSIVE;
				GCC_WARN_UNUSED_FUNCTION = YES;
				GCC_WARN_UNUSED_VARIABLE = YES;
				IPHONEOS_DEPLOYMENT_TARGET = 13.0;
				MTL_ENABLE_DEBUG_INFO = NO;
				MTL_FAST_MATH = YES;
				SDKROOT = iphoneos;
				VALIDATE_PRODUCT = YES;
			};
			name = Release;
		};
		9832D9F7260B3A17003B1032 /* Debug */ = {
			isa = XCBuildConfiguration;
			buildSettings = {
				ASSETCATALOG_COMPILER_APPICON_NAME = AppIcon;
				ASSETCATALOG_COMPILER_GLOBAL_ACCENT_COLOR_NAME = AccentColor;
				CODE_SIGN_STYLE = Automatic;
				DEVELOPMENT_TEAM = 42J834FD3B;
				INFOPLIST_FILE = run/Info.plist;
				LD_RUNPATH_SEARCH_PATHS = (
					"$(inherited)",
					"@executable_path/Frameworks",
				);
				PRODUCT_BUNDLE_IDENTIFIER = com.songmin.run;
				PRODUCT_NAME = "$(TARGET_NAME)";
				TARGETED_DEVICE_FAMILY = "1,2";
			};
			name = Debug;
		};
		9832D9F8260B3A17003B1032 /* Release */ = {
			isa = XCBuildConfiguration;
			buildSettings = {
				ASSETCATALOG_COMPILER_APPICON_NAME = AppIcon;
				ASSETCATALOG_COMPILER_GLOBAL_ACCENT_COLOR_NAME = AccentColor;
				CODE_SIGN_STYLE = Automatic;
				DEVELOPMENT_TEAM = 42J834FD3B;
				INFOPLIST_FILE = run/Info.plist;
				LD_RUNPATH_SEARCH_PATHS = (
					"$(inherited)",
					"@executable_path/Frameworks",
				);
				PRODUCT_BUNDLE_IDENTIFIER = com.songmin.run;
				PRODUCT_NAME = "$(TARGET_NAME)";
				TARGETED_DEVICE_FAMILY = "1,2";
			};
			name = Release;
		};
		9832D9FA260B3A17003B1032 /* Debug */ = {
			isa = XCBuildConfiguration;
			buildSettings = {
				BUNDLE_LOADER = "$(TEST_HOST)";
				CODE_SIGN_STYLE = Automatic;
				DEVELOPMENT_TEAM = 42J834FD3B;
				INFOPLIST_FILE = runTests/Info.plist;
				IPHONEOS_DEPLOYMENT_TARGET = 14.2;
				LD_RUNPATH_SEARCH_PATHS = (
					"$(inherited)",
					"@executable_path/Frameworks",
					"@loader_path/Frameworks",
				);
				PRODUCT_BUNDLE_IDENTIFIER = com.songmin.runTests;
				PRODUCT_NAME = "$(TARGET_NAME)";
				TARGETED_DEVICE_FAMILY = "1,2";
				TEST_HOST = "$(BUILT_PRODUCTS_DIR)/run.app/run";
			};
			name = Debug;
		};
		9832D9FB260B3A17003B1032 /* Release */ = {
			isa = XCBuildConfiguration;
			buildSettings = {
				BUNDLE_LOADER = "$(TEST_HOST)";
				CODE_SIGN_STYLE = Automatic;
				DEVELOPMENT_TEAM = 42J834FD3B;
				INFOPLIST_FILE = runTests/Info.plist;
				IPHONEOS_DEPLOYMENT_TARGET = 14.2;
				LD_RUNPATH_SEARCH_PATHS = (
					"$(inherited)",
					"@executable_path/Frameworks",
					"@loader_path/Frameworks",
				);
				PRODUCT_BUNDLE_IDENTIFIER = com.songmin.runTests;
				PRODUCT_NAME = "$(TARGET_NAME)";
				TARGETED_DEVICE_FAMILY = "1,2";
				TEST_HOST = "$(BUILT_PRODUCTS_DIR)/run.app/run";
			};
			name = Release;
		};
		9832D9FD260B3A17003B1032 /* Debug */ = {
			isa = XCBuildConfiguration;
			buildSettings = {
				CODE_SIGN_STYLE = Automatic;
				DEVELOPMENT_TEAM = 42J834FD3B;
				INFOPLIST_FILE = runUITests/Info.plist;
				LD_RUNPATH_SEARCH_PATHS = (
					"$(inherited)",
					"@executable_path/Frameworks",
					"@loader_path/Frameworks",
				);
				PRODUCT_BUNDLE_IDENTIFIER = com.songmin.runUITests;
				PRODUCT_NAME = "$(TARGET_NAME)";
				TARGETED_DEVICE_FAMILY = "1,2";
				TEST_TARGET_NAME = run;
			};
			name = Debug;
		};
		9832D9FE260B3A17003B1032 /* Release */ = {
			isa = XCBuildConfiguration;
			buildSettings = {
				CODE_SIGN_STYLE = Automatic;
				DEVELOPMENT_TEAM = 42J834FD3B;
				INFOPLIST_FILE = runUITests/Info.plist;
				LD_RUNPATH_SEARCH_PATHS = (
					"$(inherited)",
					"@executable_path/Frameworks",
					"@loader_path/Frameworks",
				);
				PRODUCT_BUNDLE_IDENTIFIER = com.songmin.runUITests;
				PRODUCT_NAME = "$(TARGET_NAME)";
				TARGETED_DEVICE_FAMILY = "1,2";
				TEST_TARGET_NAME = run;
			};
			name = Release;
		};
/* End XCBuildConfiguration section */

/* Begin XCConfigurationList section */
		9832D9C2260B3A11003B1032 /* Build configuration list for PBXProject "run" */ = {
			isa = XCConfigurationList;
			buildConfigurations = (
				9832D9F4260B3A17003B1032 /* Debug */,
				9832D9F5260B3A17003B1032 /* Release */,
			);
			defaultConfigurationIsVisible = 0;
			defaultConfigurationName = Release;
		};
		9832D9F6260B3A17003B1032 /* Build configuration list for PBXNativeTarget "run" */ = {
			isa = XCConfigurationList;
			buildConfigurations = (
				9832D9F7260B3A17003B1032 /* Debug */,
				9832D9F8260B3A17003B1032 /* Release */,
			);
			defaultConfigurationIsVisible = 0;
			defaultConfigurationName = Release;
		};
		9832D9F9260B3A17003B1032 /* Build configuration list for PBXNativeTarget "runTests" */ = {
			isa = XCConfigurationList;
			buildConfigurations = (
				9832D9FA260B3A17003B1032 /* Debug */,
				9832D9FB260B3A17003B1032 /* Release */,
			);
			defaultConfigurationIsVisible = 0;
			defaultConfigurationName = Release;
		};
		9832D9FC260B3A17003B1032 /* Build configuration list for PBXNativeTarget "runUITests" */ = {
			isa = XCConfigurationList;
			buildConfigurations = (
				9832D9FD260B3A17003B1032 /* Debug */,
				9832D9FE260B3A17003B1032 /* Release */,
			);
			defaultConfigurationIsVisible = 0;
			defaultConfigurationName = Release;
		};
/* End XCConfigurationList section */
	};
	rootObject = 9832D9BF260B3A11003B1032 /* Project object */;
}
